
Microsoft Visual Studio Solution File, Format Version 12.00
# Visual Studio Version 16
VisualStudioVersion = 16.0.28803.156
MinimumVisualStudioVersion = 10.0.40219.1
Project("{FAE04EC0-301F-11D3-BF4B-00C04F79EFBC}") = "CLIENT_VS", "CLIENT_VS\CLIENT_VS\CLIENT_VS.csproj", "{87DAFE64-293D-43ED-AD01-8E31386EFC0C}"
EndProject
Project("{FAE04EC0-301F-11D3-BF4B-00C04F79EFBC}") = "Server_VS", "Server_VS\Server_VS\Server_VS.csproj", "{07C5587E-0065-4655-9B54-2717F3958416}"
EndProject
Global
	GlobalSection(SolutionConfigurationPlatforms) = preSolution
		Debug|Any CPU = Debug|Any CPU
		Release|Any CPU = Release|Any CPU
	EndGlobalSection
	GlobalSection(ProjectConfigurationPlatforms) = postSolution
		{87DAFE64-293D-43ED-AD01-8E31386EFC0C}.Debug|Any CPU.ActiveCfg = Debug|Any CPU
		{87DAFE64-293D-43ED-AD01-8E31386EFC0C}.Debug|Any CPU.Build.0 = Debug|Any CPU
		{87DAFE64-293D-43ED-AD01-8E31386EFC0C}.Release|Any CPU.ActiveCfg = Release|Any CPU
		{87DAFE64-293D-43ED-AD01-8E31386EFC0C}.Release|Any CPU.Build.0 = Release|Any CPU
		{07C5587E-0065-4655-9B54-2717F3958416}.Debug|Any CPU.ActiveCfg = Debug|Any CPU
		{07C5587E-0065-4655-9B54-2717F3958416}.Debug|Any CPU.Build.0 = Debug|Any CPU
		{07C5587E-0065-4655-9B54-2717F3958416}.Release|Any CPU.ActiveCfg = Release|Any CPU
		{07C5587E-0065-4655-9B54-2717F3958416}.Release|Any CPU.Build.0 = Release|Any CPU
	EndGlobalSection
	GlobalSection(SolutionProperties) = preSolution
		HideSolutionNode = FALSE
	EndGlobalSection
	GlobalSection(ExtensibilityGlobals) = postSolution
		SolutionGuid = {DFD53558-731C-47C1-86AE-93DBF1C02DCE}
	EndGlobalSection
EndGlobal
